
Microsoft Visual Studio Solution File, Format Version 12.00
# Visual Studio Version 16
VisualStudioVersion = 16.0.30517.126
MinimumVisualStudioVersion = 10.0.40219.1
Project("{888888A0-9F3D-457C-B088-3A5042F75D52}") = "РК1", "РК1\РК1.pyproj", "{89415250-13F7-4D89-91EC-7EE5FDACC22A}"
EndProject
Global
	GlobalSection(SolutionConfigurationPlatforms) = preSolution
		Debug|Any CPU = Debug|Any CPU
		Release|Any CPU = Release|Any CPU
	EndGlobalSection
	GlobalSection(ProjectConfigurationPlatforms) = postSolution
		{89415250-13F7-4D89-91EC-7EE5FDACC22A}.Debug|Any CPU.ActiveCfg = Debug|Any CPU
		{89415250-13F7-4D89-91EC-7EE5FDACC22A}.Release|Any CPU.ActiveCfg = Release|Any CPU
	EndGlobalSection
	GlobalSection(SolutionProperties) = preSolution
		HideSolutionNode = FALSE
	EndGlobalSection
	GlobalSection(ExtensibilityGlobals) = postSolution
		SolutionGuid = {986D45F2-6377-4915-8F9E-DEEC07550B44}
	EndGlobalSection
EndGlobal
