
Microsoft Visual Studio Solution File, Format Version 12.00
# Visual Studio Version 16
VisualStudioVersion = 16.0.30517.126
MinimumVisualStudioVersion = 10.0.40219.1
Project("{888888A0-9F3D-457C-B088-3A5042F75D52}") = "Лаб 1", "Лаб 1\Лаб 1.pyproj", "{D216778C-995A-4891-8766-C3C2970B3116}"
EndProject
Global
	GlobalSection(SolutionConfigurationPlatforms) = preSolution
		Debug|Any CPU = Debug|Any CPU
		Release|Any CPU = Release|Any CPU
	EndGlobalSection
	GlobalSection(ProjectConfigurationPlatforms) = postSolution
		{D216778C-995A-4891-8766-C3C2970B3116}.Debug|Any CPU.ActiveCfg = Debug|Any CPU
		{D216778C-995A-4891-8766-C3C2970B3116}.Release|Any CPU.ActiveCfg = Release|Any CPU
	EndGlobalSection
	GlobalSection(SolutionProperties) = preSolution
		HideSolutionNode = FALSE
	EndGlobalSection
	GlobalSection(ExtensibilityGlobals) = postSolution
		SolutionGuid = {A6207844-14DE-4C14-90D5-195A3FB654E8}
	EndGlobalSection
EndGlobal
